
Microsoft Visual Studio Solution File, Format Version 12.00
# Visual Studio Version 17
VisualStudioVersion = 17.3.32811.315
MinimumVisualStudioVersion = 10.0.40219.1
Project("{FAE04EC0-301F-11D3-BF4B-00C04F79EFBC}") = "UserRegistration", "UserRegistration.csproj", "{DF470E8F-1813-4A6B-91F1-F053E49408FA}"
EndProject
Global
	GlobalSection(SolutionConfigurationPlatforms) = preSolution
		Debug|Any CPU = Debug|Any CPU
		Release|Any CPU = Release|Any CPU
	EndGlobalSection
	GlobalSection(ProjectConfigurationPlatforms) = postSolution
		{DF470E8F-1813-4A6B-91F1-F053E49408FA}.Debug|Any CPU.ActiveCfg = Debug|Any CPU
		{DF470E8F-1813-4A6B-91F1-F053E49408FA}.Debug|Any CPU.Build.0 = Debug|Any CPU
		{DF470E8F-1813-4A6B-91F1-F053E49408FA}.Release|Any CPU.ActiveCfg = Release|Any CPU
		{DF470E8F-1813-4A6B-91F1-F053E49408FA}.Release|Any CPU.Build.0 = Release|Any CPU
	EndGlobalSection
	GlobalSection(SolutionProperties) = preSolution
		HideSolutionNode = FALSE
	EndGlobalSection
	GlobalSection(ExtensibilityGlobals) = postSolution
		SolutionGuid = {FA94E6B7-1468-41CB-8DD9-BA17F94B5D64}
	EndGlobalSection
EndGlobal
